// !$*UTF8*$!
{
	archiveVersion = 1;
	classes = {
	};
	objectVersion = 46;
	objects = {

/* Begin PBXBuildFile section */
		9FEE6B4518803DF3009D7206 /* Foundation.framework in Frameworks */ = {isa = PBXBuildFile; fileRef = 9FEE6B4418803DF3009D7206 /* Foundation.framework */; };
		9FEE6B4718803DF3009D7206 /* CoreGraphics.framework in Frameworks */ = {isa = PBXBuildFile; fileRef = 9FEE6B4618803DF3009D7206 /* CoreGraphics.framework */; };
		9FEE6B4918803DF3009D7206 /* UIKit.framework in Frameworks */ = {isa = PBXBuildFile; fileRef = 9FEE6B4818803DF3009D7206 /* UIKit.framework */; };
		9FEE6B4F18803DF3009D7206 /* InfoPlist.strings in Resources */ = {isa = PBXBuildFile; fileRef = 9FEE6B4D18803DF3009D7206 /* InfoPlist.strings */; };
		9FEE6B5118803DF3009D7206 /* main.m in Sources */ = {isa = PBXBuildFile; fileRef = 9FEE6B5018803DF3009D7206 /* main.m */; };
		9FEE6B5518803DF3009D7206 /* JSRAppDelegate.m in Sources */ = {isa = PBXBuildFile; fileRef = 9FEE6B5418803DF3009D7206 /* JSRAppDelegate.m */; };
		9FEE6B5818803DF3009D7206 /* Main_iPhone.storyboard in Resources */ = {isa = PBXBuildFile; fileRef = 9FEE6B5618803DF3009D7206 /* Main_iPhone.storyboard */; };
		9FEE6B5B18803DF3009D7206 /* Main_iPad.storyboard in Resources */ = {isa = PBXBuildFile; fileRef = 9FEE6B5918803DF3009D7206 /* Main_iPad.storyboard */; };
		9FEE6B5E18803DF3009D7206 /* JSRMainViewController.m in Sources */ = {isa = PBXBuildFile; fileRef = 9FEE6B5D18803DF3009D7206 /* JSRMainViewController.m */; };
		9FEE6B6018803DF3009D7206 /* Images.xcassets in Resources */ = {isa = PBXBuildFile; fileRef = 9FEE6B5F18803DF3009D7206 /* Images.xcassets */; };
		9FEE6B6718803DF3009D7206 /* XCTest.framework in Frameworks */ = {isa = PBXBuildFile; fileRef = 9FEE6B6618803DF3009D7206 /* XCTest.framework */; };
		9FEE6B6818803DF3009D7206 /* Foundation.framework in Frameworks */ = {isa = PBXBuildFile; fileRef = 9FEE6B4418803DF3009D7206 /* Foundation.framework */; };
		9FEE6B6918803DF3009D7206 /* UIKit.framework in Frameworks */ = {isa = PBXBuildFile; fileRef = 9FEE6B4818803DF3009D7206 /* UIKit.framework */; };
		9FEE6B7118803DF3009D7206 /* InfoPlist.strings in Resources */ = {isa = PBXBuildFile; fileRef = 9FEE6B6F18803DF3009D7206 /* InfoPlist.strings */; };
		9FEE6B7318803DF3009D7206 /* RedexpertsTaskTests.m in Sources */ = {isa = PBXBuildFile; fileRef = 9FEE6B7218803DF3009D7206 /* RedexpertsTaskTests.m */; };
		9FEE6B7D18804008009D7206 /* MapKit.framework in Frameworks */ = {isa = PBXBuildFile; fileRef = 9FEE6B7C18804008009D7206 /* MapKit.framework */; };
		9FEE6B8018804BA2009D7206 /* JSRMapAnnotation.m in Sources */ = {isa = PBXBuildFile; fileRef = 9FEE6B7F18804BA2009D7206 /* JSRMapAnnotation.m */; };
/* End PBXBuildFile section */

/* Begin PBXContainerItemProxy section */
		9FEE6B6A18803DF3009D7206 /* PBXContainerItemProxy */ = {
			isa = PBXContainerItemProxy;
			containerPortal = 9FEE6B3918803DF2009D7206 /* Project object */;
			proxyType = 1;
			remoteGlobalIDString = 9FEE6B4018803DF2009D7206;
			remoteInfo = RedexpertsTask;
		};
/* End PBXContainerItemProxy section */

/* Begin PBXFileReference section */
		9FEE6B4118803DF3009D7206 /* RedexpertsTask.app */ = {isa = PBXFileReference; explicitFileType = wrapper.application; includeInIndex = 0; path = RedexpertsTask.app; sourceTree = BUILT_PRODUCTS_DIR; };
		9FEE6B4418803DF3009D7206 /* Foundation.framework */ = {isa = PBXFileReference; lastKnownFileType = wrapper.framework; name = Foundation.framework; path = System/Library/Frameworks/Foundation.framework; sourceTree = SDKROOT; };
		9FEE6B4618803DF3009D7206 /* CoreGraphics.framework */ = {isa = PBXFileReference; lastKnownFileType = wrapper.framework; name = CoreGraphics.framework; path = System/Library/Frameworks/CoreGraphics.framework; sourceTree = SDKROOT; };
		9FEE6B4818803DF3009D7206 /* UIKit.framework */ = {isa = PBXFileReference; lastKnownFileType = wrapper.framework; name = UIKit.framework; path = System/Library/Frameworks/UIKit.framework; sourceTree = SDKROOT; };
		9FEE6B4C18803DF3009D7206 /* RedexpertsTask-Info.plist */ = {isa = PBXFileReference; lastKnownFileType = text.plist.xml; path = "RedexpertsTask-Info.plist"; sourceTree = "<group>"; };
		9FEE6B4E18803DF3009D7206 /* en */ = {isa = PBXFileReference; lastKnownFileType = text.plist.strings; name = en; path = en.lproj/InfoPlist.strings; sourceTree = "<group>"; };
		9FEE6B5018803DF3009D7206 /* main.m */ = {isa = PBXFileReference; lastKnownFileType = sourcecode.c.objc; path = main.m; sourceTree = "<group>"; };
		9FEE6B5218803DF3009D7206 /* RedexpertsTask-Prefix.pch */ = {isa = PBXFileReference; lastKnownFileType = sourcecode.c.h; path = "RedexpertsTask-Prefix.pch"; sourceTree = "<group>"; };
		9FEE6B5318803DF3009D7206 /* JSRAppDelegate.h */ = {isa = PBXFileReference; lastKnownFileType = sourcecode.c.h; path = JSRAppDelegate.h; sourceTree = "<group>"; };
		9FEE6B5418803DF3009D7206 /* JSRAppDelegate.m */ = {isa = PBXFileReference; lastKnownFileType = sourcecode.c.objc; path = JSRAppDelegate.m; sourceTree = "<group>"; };
		9FEE6B5718803DF3009D7206 /* Base */ = {isa = PBXFileReference; lastKnownFileType = file.storyboard; name = Base; path = Base.lproj/Main_iPhone.storyboard; sourceTree = "<group>"; };
		9FEE6B5A18803DF3009D7206 /* Base */ = {isa = PBXFileReference; lastKnownFileType = file.storyboard; name = Base; path = Base.lproj/Main_iPad.storyboard; sourceTree = "<group>"; };
		9FEE6B5C18803DF3009D7206 /* JSRMainViewController.h */ = {isa = PBXFileReference; lastKnownFileType = sourcecode.c.h; path = JSRMainViewController.h; sourceTree = "<group>"; };
		9FEE6B5D18803DF3009D7206 /* JSRMainViewController.m */ = {isa = PBXFileReference; lastKnownFileType = sourcecode.c.objc; path = JSRMainViewController.m; sourceTree = "<group>"; };
		9FEE6B5F18803DF3009D7206 /* Images.xcassets */ = {isa = PBXFileReference; lastKnownFileType = folder.assetcatalog; path = Images.xcassets; sourceTree = "<group>"; };
		9FEE6B6518803DF3009D7206 /* RedexpertsTaskTests.xctest */ = {isa = PBXFileReference; explicitFileType = wrapper.cfbundle; includeInIndex = 0; path = RedexpertsTaskTests.xctest; sourceTree = BUILT_PRODUCTS_DIR; };
		9FEE6B6618803DF3009D7206 /* XCTest.framework */ = {isa = PBXFileReference; lastKnownFileType = wrapper.framework; name = XCTest.framework; path = Library/Frameworks/XCTest.framework; sourceTree = DEVELOPER_DIR; };
		9FEE6B6E18803DF3009D7206 /* RedexpertsTaskTests-Info.plist */ = {isa = PBXFileReference; lastKnownFileType = text.plist.xml; path = "RedexpertsTaskTests-Info.plist"; sourceTree = "<group>"; };
		9FEE6B7018803DF3009D7206 /* en */ = {isa = PBXFileReference; lastKnownFileType = text.plist.strings; name = en; path = en.lproj/InfoPlist.strings; sourceTree = "<group>"; };
		9FEE6B7218803DF3009D7206 /* RedexpertsTaskTests.m */ = {isa = PBXFileReference; lastKnownFileType = sourcecode.c.objc; path = RedexpertsTaskTests.m; sourceTree = "<group>"; };
		9FEE6B7C18804008009D7206 /* MapKit.framework */ = {isa = PBXFileReference; lastKnownFileType = wrapper.framework; name = MapKit.framework; path = System/Library/Frameworks/MapKit.framework; sourceTree = SDKROOT; };
		9FEE6B7E18804BA2009D7206 /* JSRMapAnnotation.h */ = {isa = PBXFileReference; fileEncoding = 4; lastKnownFileType = sourcecode.c.h; path = JSRMapAnnotation.h; sourceTree = "<group>"; };
		9FEE6B7F18804BA2009D7206 /* JSRMapAnnotation.m */ = {isa = PBXFileReference; fileEncoding = 4; lastKnownFileType = sourcecode.c.objc; path = JSRMapAnnotation.m; sourceTree = "<group>"; };
/* End PBXFileReference section */

/* Begin PBXFrameworksBuildPhase section */
		9FEE6B3E18803DF2009D7206 /* Frameworks */ = {
			isa = PBXFrameworksBuildPhase;
			buildActionMask = 2147483647;
			files = (
				9FEE6B4718803DF3009D7206 /* CoreGraphics.framework in Frameworks */,
				9FEE6B4918803DF3009D7206 /* UIKit.framework in Frameworks */,
				9FEE6B7D18804008009D7206 /* MapKit.framework in Frameworks */,
				9FEE6B4518803DF3009D7206 /* Foundation.framework in Frameworks */,
			);
			runOnlyForDeploymentPostprocessing = 0;
		};
		9FEE6B6218803DF3009D7206 /* Frameworks */ = {
			isa = PBXFrameworksBuildPhase;
			buildActionMask = 2147483647;
			files = (
				9FEE6B6718803DF3009D7206 /* XCTest.framework in Frameworks */,
				9FEE6B6918803DF3009D7206 /* UIKit.framework in Frameworks */,
				9FEE6B6818803DF3009D7206 /* Foundation.framework in Frameworks */,
			);
			runOnlyForDeploymentPostprocessing = 0;
		};
/* End PBXFrameworksBuildPhase section */

/* Begin PBXGroup section */
		9FEE6B3818803DF2009D7206 = {
			isa = PBXGroup;
			children = (
				9FEE6B4A18803DF3009D7206 /* RedexpertsTask */,
				9FEE6B6C18803DF3009D7206 /* RedexpertsTaskTests */,
				9FEE6B4318803DF3009D7206 /* Frameworks */,
				9FEE6B4218803DF3009D7206 /* Products */,
			);
			sourceTree = "<group>";
		};
		9FEE6B4218803DF3009D7206 /* Products */ = {
			isa = PBXGroup;
			children = (
				9FEE6B4118803DF3009D7206 /* RedexpertsTask.app */,
				9FEE6B6518803DF3009D7206 /* RedexpertsTaskTests.xctest */,
			);
			name = Products;
			sourceTree = "<group>";
		};
		9FEE6B4318803DF3009D7206 /* Frameworks */ = {
			isa = PBXGroup;
			children = (
				9FEE6B7C18804008009D7206 /* MapKit.framework */,
				9FEE6B4418803DF3009D7206 /* Foundation.framework */,
				9FEE6B4618803DF3009D7206 /* CoreGraphics.framework */,
				9FEE6B4818803DF3009D7206 /* UIKit.framework */,
				9FEE6B6618803DF3009D7206 /* XCTest.framework */,
			);
			name = Frameworks;
			sourceTree = "<group>";
		};
		9FEE6B4A18803DF3009D7206 /* RedexpertsTask */ = {
			isa = PBXGroup;
			children = (
				9FEE6B8118806A23009D7206 /* Model */,
				9FEE6B8218806A2C009D7206 /* Controllers */,
				9FEE6B4B18803DF3009D7206 /* Supporting Files */,
			);
			path = RedexpertsTask;
			sourceTree = "<group>";
		};
		9FEE6B4B18803DF3009D7206 /* Supporting Files */ = {
			isa = PBXGroup;
			children = (
				9FEE6B4C18803DF3009D7206 /* RedexpertsTask-Info.plist */,
				9FEE6B5418803DF3009D7206 /* JSRAppDelegate.m */,
				9FEE6B5318803DF3009D7206 /* JSRAppDelegate.h */,
				9FEE6B5618803DF3009D7206 /* Main_iPhone.storyboard */,
				9FEE6B5918803DF3009D7206 /* Main_iPad.storyboard */,
				9FEE6B5F18803DF3009D7206 /* Images.xcassets */,
				9FEE6B4D18803DF3009D7206 /* InfoPlist.strings */,
				9FEE6B5018803DF3009D7206 /* main.m */,
				9FEE6B5218803DF3009D7206 /* RedexpertsTask-Prefix.pch */,
			);
			name = "Supporting Files";
			sourceTree = "<group>";
		};
		9FEE6B6C18803DF3009D7206 /* RedexpertsTaskTests */ = {
			isa = PBXGroup;
			children = (
				9FEE6B7218803DF3009D7206 /* RedexpertsTaskTests.m */,
				9FEE6B6D18803DF3009D7206 /* Supporting Files */,
			);
			path = RedexpertsTaskTests;
			sourceTree = "<group>";
		};
		9FEE6B6D18803DF3009D7206 /* Supporting Files */ = {
			isa = PBXGroup;
			children = (
				9FEE6B6E18803DF3009D7206 /* RedexpertsTaskTests-Info.plist */,
				9FEE6B6F18803DF3009D7206 /* InfoPlist.strings */,
			);
			name = "Supporting Files";
			sourceTree = "<group>";
		};
		9FEE6B8118806A23009D7206 /* Model */ = {
			isa = PBXGroup;
			children = (
				9FEE6B7E18804BA2009D7206 /* JSRMapAnnotation.h */,
				9FEE6B7F18804BA2009D7206 /* JSRMapAnnotation.m */,
			);
			name = Model;
			sourceTree = "<group>";
		};
		9FEE6B8218806A2C009D7206 /* Controllers */ = {
			isa = PBXGroup;
			children = (
				9FEE6B5C18803DF3009D7206 /* JSRMainViewController.h */,
				9FEE6B5D18803DF3009D7206 /* JSRMainViewController.m */,
			);
			name = Controllers;
			sourceTree = "<group>";
		};
/* End PBXGroup section */

/* Begin PBXNativeTarget section */
		9FEE6B4018803DF2009D7206 /* RedexpertsTask */ = {
			isa = PBXNativeTarget;
			buildConfigurationList = 9FEE6B7618803DF3009D7206 /* Build configuration list for PBXNativeTarget "RedexpertsTask" */;
			buildPhases = (
				9FEE6B3D18803DF2009D7206 /* Sources */,
				9FEE6B3E18803DF2009D7206 /* Frameworks */,
				9FEE6B3F18803DF2009D7206 /* Resources */,
			);
			buildRules = (
			);
			dependencies = (
			);
			name = RedexpertsTask;
			productName = RedexpertsTask;
			productReference = 9FEE6B4118803DF3009D7206 /* RedexpertsTask.app */;
			productType = "com.apple.product-type.application";
		};
		9FEE6B6418803DF3009D7206 /* RedexpertsTaskTests */ = {
			isa = PBXNativeTarget;
			buildConfigurationList = 9FEE6B7918803DF3009D7206 /* Build configuration list for PBXNativeTarget "RedexpertsTaskTests" */;
			buildPhases = (
				9FEE6B6118803DF3009D7206 /* Sources */,
				9FEE6B6218803DF3009D7206 /* Frameworks */,
				9FEE6B6318803DF3009D7206 /* Resources */,
			);
			buildRules = (
			);
			dependencies = (
				9FEE6B6B18803DF3009D7206 /* PBXTargetDependency */,
			);
			name = RedexpertsTaskTests;
			productName = RedexpertsTaskTests;
			productReference = 9FEE6B6518803DF3009D7206 /* RedexpertsTaskTests.xctest */;
			productType = "com.apple.product-type.bundle.unit-test";
		};
/* End PBXNativeTarget section */

/* Begin PBXProject section */
		9FEE6B3918803DF2009D7206 /* Project object */ = {
			isa = PBXProject;
			attributes = {
				CLASSPREFIX = JSR;
				LastUpgradeCheck = 0500;
				ORGANIZATIONNAME = "Jan Skommer";
				TargetAttributes = {
					9FEE6B4018803DF2009D7206 = {
						SystemCapabilities = {
							com.apple.iOS = {
								enabled = 1;
							};
						};
					};
					9FEE6B6418803DF3009D7206 = {
						TestTargetID = 9FEE6B4018803DF2009D7206;
					};
				};
			};
			buildConfigurationList = 9FEE6B3C18803DF2009D7206 /* Build configuration list for PBXProject "RedexpertsTask" */;
			compatibilityVersion = "Xcode 3.2";
			developmentRegion = English;
			hasScannedForEncodings = 0;
			knownRegions = (
				en,
				Base,
			);
			mainGroup = 9FEE6B3818803DF2009D7206;
			productRefGroup = 9FEE6B4218803DF3009D7206 /* Products */;
			projectDirPath = "";
			projectRoot = "";
			targets = (
				9FEE6B4018803DF2009D7206 /* RedexpertsTask */,
				9FEE6B6418803DF3009D7206 /* RedexpertsTaskTests */,
			);
		};
/* End PBXProject section */

/* Begin PBXResourcesBuildPhase section */
		9FEE6B3F18803DF2009D7206 /* Resources */ = {
			isa = PBXResourcesBuildPhase;
			buildActionMask = 2147483647;
			files = (
				9FEE6B5B18803DF3009D7206 /* Main_iPad.storyboard in Resources */,
				9FEE6B6018803DF3009D7206 /* Images.xcassets in Resources */,
				9FEE6B5818803DF3009D7206 /* Main_iPhone.storyboard in Resources */,
				9FEE6B4F18803DF3009D7206 /* InfoPlist.strings in Resources */,
			);
			runOnlyForDeploymentPostprocessing = 0;
		};
		9FEE6B6318803DF3009D7206 /* Resources */ = {
			isa = PBXResourcesBuildPhase;
			buildActionMask = 2147483647;
			files = (
				9FEE6B7118803DF3009D7206 /* InfoPlist.strings in Resources */,
			);
			runOnlyForDeploymentPostprocessing = 0;
		};
/* End PBXResourcesBuildPhase section */

/* Begin PBXSourcesBuildPhase section */
		9FEE6B3D18803DF2009D7206 /* Sources */ = {
			isa = PBXSourcesBuildPhase;
			buildActionMask = 2147483647;
			files = (
				9FEE6B5E18803DF3009D7206 /* JSRMainViewController.m in Sources */,
				9FEE6B8018804BA2009D7206 /* JSRMapAnnotation.m in Sources */,
				9FEE6B5518803DF3009D7206 /* JSRAppDelegate.m in Sources */,
				9FEE6B5118803DF3009D7206 /* main.m in Sources */,
			);
			runOnlyForDeploymentPostprocessing = 0;
		};
		9FEE6B6118803DF3009D7206 /* Sources */ = {
			isa = PBXSourcesBuildPhase;
			buildActionMask = 2147483647;
			files = (
				9FEE6B7318803DF3009D7206 /* RedexpertsTaskTests.m in Sources */,
			);
			runOnlyForDeploymentPostprocessing = 0;
		};
/* End PBXSourcesBuildPhase section */

/* Begin PBXTargetDependency section */
		9FEE6B6B18803DF3009D7206 /* PBXTargetDependency */ = {
			isa = PBXTargetDependency;
			target = 9FEE6B4018803DF2009D7206 /* RedexpertsTask */;
			targetProxy = 9FEE6B6A18803DF3009D7206 /* PBXContainerItemProxy */;
		};
/* End PBXTargetDependency section */

/* Begin PBXVariantGroup section */
		9FEE6B4D18803DF3009D7206 /* InfoPlist.strings */ = {
			isa = PBXVariantGroup;
			children = (
				9FEE6B4E18803DF3009D7206 /* en */,
			);
			name = InfoPlist.strings;
			sourceTree = "<group>";
		};
		9FEE6B5618803DF3009D7206 /* Main_iPhone.storyboard */ = {
			isa = PBXVariantGroup;
			children = (
				9FEE6B5718803DF3009D7206 /* Base */,
			);
			name = Main_iPhone.storyboard;
			sourceTree = "<group>";
		};
		9FEE6B5918803DF3009D7206 /* Main_iPad.storyboard */ = {
			isa = PBXVariantGroup;
			children = (
				9FEE6B5A18803DF3009D7206 /* Base */,
			);
			name = Main_iPad.storyboard;
			sourceTree = "<group>";
		};
		9FEE6B6F18803DF3009D7206 /* InfoPlist.strings */ = {
			isa = PBXVariantGroup;
			children = (
				9FEE6B7018803DF3009D7206 /* en */,
			);
			name = InfoPlist.strings;
			sourceTree = "<group>";
		};
/* End PBXVariantGroup section */

/* Begin XCBuildConfiguration section */
		9FEE6B7418803DF3009D7206 /* Debug */ = {
			isa = XCBuildConfiguration;
			buildSettings = {
				ALWAYS_SEARCH_USER_PATHS = NO;
				ARCHS = "$(ARCHS_STANDARD_INCLUDING_64_BIT)";
				CLANG_CXX_LANGUAGE_STANDARD = "gnu++0x";
				CLANG_CXX_LIBRARY = "libc++";
				CLANG_ENABLE_MODULES = YES;
				CLANG_ENABLE_OBJC_ARC = YES;
				CLANG_WARN_BOOL_CONVERSION = YES;
				CLANG_WARN_CONSTANT_CONVERSION = YES;
				CLANG_WARN_DIRECT_OBJC_ISA_USAGE = YES_ERROR;
				CLANG_WARN_EMPTY_BODY = YES;
				CLANG_WARN_ENUM_CONVERSION = YES;
				CLANG_WARN_INT_CONVERSION = YES;
				CLANG_WARN_OBJC_ROOT_CLASS = YES_ERROR;
				CLANG_WARN__DUPLICATE_METHOD_MATCH = YES;
				"CODE_SIGN_IDENTITY[sdk=iphoneos*]" = "iPhone Developer";
				COPY_PHASE_STRIP = NO;
				GCC_C_LANGUAGE_STANDARD = gnu99;
				GCC_DYNAMIC_NO_PIC = NO;
				GCC_OPTIMIZATION_LEVEL = 0;
				GCC_PREPROCESSOR_DEFINITIONS = (
					"DEBUG=1",
					"$(inherited)",
				);
				GCC_SYMBOLS_PRIVATE_EXTERN = NO;
				GCC_WARN_64_TO_32_BIT_CONVERSION = YES;
				GCC_WARN_ABOUT_RETURN_TYPE = YES_ERROR;
				GCC_WARN_UNDECLARED_SELECTOR = YES;
				GCC_WARN_UNINITIALIZED_AUTOS = YES;
				GCC_WARN_UNUSED_FUNCTION = YES;
				GCC_WARN_UNUSED_VARIABLE = YES;
				IPHONEOS_DEPLOYMENT_TARGET = 7.0;
				ONLY_ACTIVE_ARCH = YES;
				SDKROOT = iphoneos;
				TARGETED_DEVICE_FAMILY = "1,2";
			};
			name = Debug;
		};
		9FEE6B7518803DF3009D7206 /* Release */ = {
			isa = XCBuildConfiguration;
			buildSettings = {
				ALWAYS_SEARCH_USER_PATHS = NO;
				ARCHS = "$(ARCHS_STANDARD_INCLUDING_64_BIT)";
				CLANG_CXX_LANGUAGE_STANDARD = "gnu++0x";
				CLANG_CXX_LIBRARY = "libc++";
				CLANG_ENABLE_MODULES = YES;
				CLANG_ENABLE_OBJC_ARC = YES;
				CLANG_WARN_BOOL_CONVERSION = YES;
				CLANG_WARN_CONSTANT_CONVERSION = YES;
				CLANG_WARN_DIRECT_OBJC_ISA_USAGE = YES_ERROR;
				CLANG_WARN_EMPTY_BODY = YES;
				CLANG_WARN_ENUM_CONVERSION = YES;
				CLANG_WARN_INT_CONVERSION = YES;
				CLANG_WARN_OBJC_ROOT_CLASS = YES_ERROR;
				CLANG_WARN__DUPLICATE_METHOD_MATCH = YES;
				"CODE_SIGN_IDENTITY[sdk=iphoneos*]" = "iPhone Developer";
				COPY_PHASE_STRIP = YES;
				ENABLE_NS_ASSERTIONS = NO;
				GCC_C_LANGUAGE_STANDARD = gnu99;
				GCC_WARN_64_TO_32_BIT_CONVERSION = YES;
				GCC_WARN_ABOUT_RETURN_TYPE = YES_ERROR;
				GCC_WARN_UNDECLARED_SELECTOR = YES;
				GCC_WARN_UNINITIALIZED_AUTOS = YES;
				GCC_WARN_UNUSED_FUNCTION = YES;
				GCC_WARN_UNUSED_VARIABLE = YES;
				IPHONEOS_DEPLOYMENT_TARGET = 7.0;
				SDKROOT = iphoneos;
				TARGETED_DEVICE_FAMILY = "1,2";
				VALIDATE_PRODUCT = YES;
			};
			name = Release;
		};
		9FEE6B7718803DF3009D7206 /* Debug */ = {
			isa = XCBuildConfiguration;
			buildSettings = {
				ASSETCATALOG_COMPILER_APPICON_NAME = AppIcon;
				ASSETCATALOG_COMPILER_LAUNCHIMAGE_NAME = LaunchImage;
				GCC_PRECOMPILE_PREFIX_HEADER = YES;
				GCC_PREFIX_HEADER = "RedexpertsTask/RedexpertsTask-Prefix.pch";
				INFOPLIST_FILE = "RedexpertsTask/RedexpertsTask-Info.plist";
				PRODUCT_NAME = "$(TARGET_NAME)";
				WRAPPER_EXTENSION = app;
			};
			name = Debug;
		};
		9FEE6B7818803DF3009D7206 /* Release */ = {
			isa = XCBuildConfiguration;
			buildSettings = {
				ASSETCATALOG_COMPILER_APPICON_NAME = AppIcon;
				ASSETCATALOG_COMPILER_LAUNCHIMAGE_NAME = LaunchImage;
				GCC_PRECOMPILE_PREFIX_HEADER = YES;
				GCC_PREFIX_HEADER = "RedexpertsTask/RedexpertsTask-Prefix.pch";
				INFOPLIST_FILE = "RedexpertsTask/RedexpertsTask-Info.plist";
				PRODUCT_NAME = "$(TARGET_NAME)";
				WRAPPER_EXTENSION = app;
			};
			name = Release;
		};
		9FEE6B7A18803DF3009D7206 /* Debug */ = {
			isa = XCBuildConfiguration;
			buildSettings = {
				ARCHS = "$(ARCHS_STANDARD_INCLUDING_64_BIT)";
				BUNDLE_LOADER = "$(BUILT_PRODUCTS_DIR)/RedexpertsTask.app/RedexpertsTask";
				FRAMEWORK_SEARCH_PATHS = (
					"$(SDKROOT)/Developer/Library/Frameworks",
					"$(inherited)",
					"$(DEVELOPER_FRAMEWORKS_DIR)",
				);
				GCC_PRECOMPILE_PREFIX_HEADER = YES;
				GCC_PREFIX_HEADER = "RedexpertsTask/RedexpertsTask-Prefix.pch";
				GCC_PREPROCESSOR_DEFINITIONS = (
					"DEBUG=1",
					"$(inherited)",
				);
				INFOPLIST_FILE = "RedexpertsTaskTests/RedexpertsTaskTests-Info.plist";
				PRODUCT_NAME = "$(TARGET_NAME)";
				TEST_HOST = "$(BUNDLE_LOADER)";
				WRAPPER_EXTENSION = xctest;
			};
			name = Debug;
		};
		9FEE6B7B18803DF3009D7206 /* Release */ = {
			isa = XCBuildConfiguration;
			buildSettings = {
				ARCHS = "$(ARCHS_STANDARD_INCLUDING_64_BIT)";
				BUNDLE_LOADER = "$(BUILT_PRODUCTS_DIR)/RedexpertsTask.app/RedexpertsTask";
				FRAMEWORK_SEARCH_PATHS = (
					"$(SDKROOT)/Developer/Library/Frameworks",
					"$(inherited)",
					"$(DEVELOPER_FRAMEWORKS_DIR)",
				);
				GCC_PRECOMPILE_PREFIX_HEADER = YES;
				GCC_PREFIX_HEADER = "RedexpertsTask/RedexpertsTask-Prefix.pch";
				INFOPLIST_FILE = "RedexpertsTaskTests/RedexpertsTaskTests-Info.plist";
				PRODUCT_NAME = "$(TARGET_NAME)";
				TEST_HOST = "$(BUNDLE_LOADER)";
				WRAPPER_EXTENSION = xctest;
			};
			name = Release;
		};
/* End XCBuildConfiguration section */

/* Begin XCConfigurationList section */
		9FEE6B3C18803DF2009D7206 /* Build configuration list for PBXProject "RedexpertsTask" */ = {
			isa = XCConfigurationList;
			buildConfigurations = (
				9FEE6B7418803DF3009D7206 /* Debug */,
				9FEE6B7518803DF3009D7206 /* Release */,
			);
			defaultConfigurationIsVisible = 0;
			defaultConfigurationName = Release;
		};
		9FEE6B7618803DF3009D7206 /* Build configuration list for PBXNativeTarget "RedexpertsTask" */ = {
			isa = XCConfigurationList;
			buildConfigurations = (
				9FEE6B7718803DF3009D7206 /* Debug */,
				9FEE6B7818803DF3009D7206 /* Release */,
			);
			defaultConfigurationIsVisible = 0;
		};
		9FEE6B7918803DF3009D7206 /* Build configuration list for PBXNativeTarget "RedexpertsTaskTests" */ = {
			isa = XCConfigurationList;
			buildConfigurations = (
				9FEE6B7A18803DF3009D7206 /* Debug */,
				9FEE6B7B18803DF3009D7206 /* Release */,
			);
			defaultConfigurationIsVisible = 0;
		};
/* End XCConfigurationList section */
	};
	rootObject = 9FEE6B3918803DF2009D7206 /* Project object */;
}
